id: 1b05ffa7-606e-4cbc-91f2-696454b0c5d5
# opnrvn-r-101
refId: gcp-management-tools-ensure-retention-policies-on-log-buckets-are-configured-using-bucket-lock
type: asset
name: >
  Ensure that retention policies on log buckets are configured using Bucket Lock
description: >
  Enabling retention policies on log buckets will protect logs stored in cloud storage buckets from being overwritten or accidentally deleted.
  It is recommended to set up retention policies and configure Bucket Lock on all storage buckets that are used as log sinks.
severity: high
enabled: true
sql: >
  SELECT acc.assetid
    FROM ${magpie_schema}.gcploggingsink acc,
         ${magpie_schema}.gcpstoragebucket str
   WHERE acc.resourcetype = 'GCP::Logging::Sink'
     AND str.resourcetype = 'GCP::Storage::Bucket'
     AND strpos(acc."configuration" ->> 'destination_', str.assetid) > 0
     AND (str."configuration" ->> 'retentionPolicyIsLocked' <> 'true'
         OR str."configuration" ->> 'retentionPolicyIsLocked' IS NULL
         OR str."configuration" ->> 'retentionPeriod' IS NULL)
remediationDocURLs: https://github.com/openraven/security-rules/wiki
version: 1.0